
Microsoft Visual Studio Solution File, Format Version 12.00
# Visual Studio 15
VisualStudioVersion = 15.0.28307.329
MinimumVisualStudioVersion = 10.0.40219.1
Project("{FAE04EC0-301F-11D3-BF4B-00C04F79EFBC}") = "STATEMANAGEMENTLABPT2", "STATEMANAGEMENTLABPT2\STATEMANAGEMENTLABPT2.csproj", "{79E1C20C-0D95-42A0-92F0-896F0989C059}"
EndProject
Global
	GlobalSection(SolutionConfigurationPlatforms) = preSolution
		Debug|Any CPU = Debug|Any CPU
		Release|Any CPU = Release|Any CPU
	EndGlobalSection
	GlobalSection(ProjectConfigurationPlatforms) = postSolution
		{79E1C20C-0D95-42A0-92F0-896F0989C059}.Debug|Any CPU.ActiveCfg = Debug|Any CPU
		{79E1C20C-0D95-42A0-92F0-896F0989C059}.Debug|Any CPU.Build.0 = Debug|Any CPU
		{79E1C20C-0D95-42A0-92F0-896F0989C059}.Release|Any CPU.ActiveCfg = Release|Any CPU
		{79E1C20C-0D95-42A0-92F0-896F0989C059}.Release|Any CPU.Build.0 = Release|Any CPU
	EndGlobalSection
	GlobalSection(SolutionProperties) = preSolution
		HideSolutionNode = FALSE
	EndGlobalSection
	GlobalSection(ExtensibilityGlobals) = postSolution
		SolutionGuid = {EF74DBD7-13BA-4840-A85E-C16C56B5516C}
	EndGlobalSection
EndGlobal
